
Microsoft Visual Studio Solution File, Format Version 12.00
# Visual Studio Version 17
VisualStudioVersion = 17.14.36301.6 d17.14
MinimumVisualStudioVersion = 10.0.40219.1
Project("{FAE04EC0-301F-11D3-BF4B-00C04F79EFBC}") = "VirtualScreenViewer", "VirtualScreenViewer\VirtualScreenViewer.csproj", "{F943F72D-DFD0-4505-BEA6-337C85923162}"
EndProject
Project("{FAE04EC0-301F-11D3-BF4B-00C04F79EFBC}") = "VirtualScreenViewer.Core", "VirtualScreenViewer.Core\VirtualScreenViewer.Core.csproj", "{C98F776A-04E5-4CF8-A6FC-083FA2C6242A}"
EndProject
Global
	GlobalSection(SolutionConfigurationPlatforms) = preSolution
		Debug|Any CPU = Debug|Any CPU
		Release|Any CPU = Release|Any CPU
	EndGlobalSection
	GlobalSection(ProjectConfigurationPlatforms) = postSolution
		{F943F72D-DFD0-4505-BEA6-337C85923162}.Debug|Any CPU.ActiveCfg = Debug|Any CPU
		{F943F72D-DFD0-4505-BEA6-337C85923162}.Debug|Any CPU.Build.0 = Debug|Any CPU
		{F943F72D-DFD0-4505-BEA6-337C85923162}.Debug|Any CPU.Deploy.0 = Debug|Any CPU
		{F943F72D-DFD0-4505-BEA6-337C85923162}.Release|Any CPU.ActiveCfg = Release|Any CPU
		{F943F72D-DFD0-4505-BEA6-337C85923162}.Release|Any CPU.Build.0 = Release|Any CPU
		{C98F776A-04E5-4CF8-A6FC-083FA2C6242A}.Debug|Any CPU.ActiveCfg = Debug|Any CPU
		{C98F776A-04E5-4CF8-A6FC-083FA2C6242A}.Debug|Any CPU.Build.0 = Debug|Any CPU
		{C98F776A-04E5-4CF8-A6FC-083FA2C6242A}.Release|Any CPU.ActiveCfg = Release|Any CPU
		{C98F776A-04E5-4CF8-A6FC-083FA2C6242A}.Release|Any CPU.Build.0 = Release|Any CPU
	EndGlobalSection
	GlobalSection(SolutionProperties) = preSolution
		HideSolutionNode = FALSE
	EndGlobalSection
	GlobalSection(ExtensibilityGlobals) = postSolution
		SolutionGuid = {9E4C4AE7-AF87-414D-B27F-79364D553762}
	EndGlobalSection
EndGlobal
