
Microsoft Visual Studio Solution File, Format Version 12.00
# Visual Studio Version 17
VisualStudioVersion = 17.14.36301.6
MinimumVisualStudioVersion = 10.0.40219.1
Project("{FAE04EC0-301F-11D3-BF4B-00C04F79EFBC}") = "VirtualScreen.Core", "VirtualScreen.Core\VirtualScreen.Core.csproj", "{D38BC4A4-377C-4A02-846D-63BF4FE5B323}"
EndProject
Project("{FAE04EC0-301F-11D3-BF4B-00C04F79EFBC}") = "VirtualScreen.Capture", "VirtualScreen.Capture\VirtualScreen.Capture.csproj", "{C6222A3E-D4E6-4EB9-84BF-542F40E188CE}"
EndProject
Project("{FAE04EC0-301F-11D3-BF4B-00C04F79EFBC}") = "VirtualScreen.Driver", "VirtualScreen.Driver\VirtualScreen.Driver.csproj", "{A9306793-1BD8-447D-A30D-1271E4770F30}"
EndProject
Project("{FAE04EC0-301F-11D3-BF4B-00C04F79EFBC}") = "VirtualScreen.Streaming", "VisualScreen.Streaming\VirtualScreen.Streaming.csproj", "{74F774B4-1828-45A6-88B9-8BE57D0B8984}"
EndProject
Project("{FAE04EC0-301F-11D3-BF4B-00C04F79EFBC}") = "VirtualScreen.App", "VirtualScreen.App\VirtualScreen.App.csproj", "{C6D7DA26-F453-4948-AF90-E9A8E447433F}"
EndProject
Project("{FAE04EC0-301F-11D3-BF4B-00C04F79EFBC}") = "VirtualScreen.Encoding", "VirtualScreen.Encoding\VirtualScreen.Encoding.csproj", "{1583011D-E4DD-4DCE-BF46-427D1ADF90D9}"
EndProject
Project("{FAE04EC0-301F-11D3-BF4B-00C04F79EFBC}") = "VirtualScreen.ConsoleUI", "VirtualScreen.ConsoleUI\VirtualScreen.ConsoleUI.csproj", "{C2EE7FB1-FCB0-DFA9-A998-F9F678CB07D6}"
EndProject
Global
	GlobalSection(SolutionConfigurationPlatforms) = preSolution
		Debug|Any CPU = Debug|Any CPU
		Release|Any CPU = Release|Any CPU
	EndGlobalSection
	GlobalSection(ProjectConfigurationPlatforms) = postSolution
		{D38BC4A4-377C-4A02-846D-63BF4FE5B323}.Debug|Any CPU.ActiveCfg = Debug|Any CPU
		{D38BC4A4-377C-4A02-846D-63BF4FE5B323}.Debug|Any CPU.Build.0 = Debug|Any CPU
		{D38BC4A4-377C-4A02-846D-63BF4FE5B323}.Release|Any CPU.ActiveCfg = Release|Any CPU
		{D38BC4A4-377C-4A02-846D-63BF4FE5B323}.Release|Any CPU.Build.0 = Release|Any CPU
		{C6222A3E-D4E6-4EB9-84BF-542F40E188CE}.Debug|Any CPU.ActiveCfg = Debug|Any CPU
		{C6222A3E-D4E6-4EB9-84BF-542F40E188CE}.Debug|Any CPU.Build.0 = Debug|Any CPU
		{C6222A3E-D4E6-4EB9-84BF-542F40E188CE}.Release|Any CPU.ActiveCfg = Release|Any CPU
		{C6222A3E-D4E6-4EB9-84BF-542F40E188CE}.Release|Any CPU.Build.0 = Release|Any CPU
		{A9306793-1BD8-447D-A30D-1271E4770F30}.Debug|Any CPU.ActiveCfg = Debug|Any CPU
		{A9306793-1BD8-447D-A30D-1271E4770F30}.Debug|Any CPU.Build.0 = Debug|Any CPU
		{A9306793-1BD8-447D-A30D-1271E4770F30}.Release|Any CPU.ActiveCfg = Release|Any CPU
		{A9306793-1BD8-447D-A30D-1271E4770F30}.Release|Any CPU.Build.0 = Release|Any CPU
		{74F774B4-1828-45A6-88B9-8BE57D0B8984}.Debug|Any CPU.ActiveCfg = Debug|Any CPU
		{74F774B4-1828-45A6-88B9-8BE57D0B8984}.Debug|Any CPU.Build.0 = Debug|Any CPU
		{74F774B4-1828-45A6-88B9-8BE57D0B8984}.Release|Any CPU.ActiveCfg = Release|Any CPU
		{74F774B4-1828-45A6-88B9-8BE57D0B8984}.Release|Any CPU.Build.0 = Release|Any CPU
		{C6D7DA26-F453-4948-AF90-E9A8E447433F}.Debug|Any CPU.ActiveCfg = Debug|Any CPU
		{C6D7DA26-F453-4948-AF90-E9A8E447433F}.Debug|Any CPU.Build.0 = Debug|Any CPU
		{C6D7DA26-F453-4948-AF90-E9A8E447433F}.Release|Any CPU.ActiveCfg = Release|Any CPU
		{C6D7DA26-F453-4948-AF90-E9A8E447433F}.Release|Any CPU.Build.0 = Release|Any CPU
		{1583011D-E4DD-4DCE-BF46-427D1ADF90D9}.Debug|Any CPU.ActiveCfg = Debug|Any CPU
		{1583011D-E4DD-4DCE-BF46-427D1ADF90D9}.Debug|Any CPU.Build.0 = Debug|Any CPU
		{1583011D-E4DD-4DCE-BF46-427D1ADF90D9}.Release|Any CPU.ActiveCfg = Release|Any CPU
		{1583011D-E4DD-4DCE-BF46-427D1ADF90D9}.Release|Any CPU.Build.0 = Release|Any CPU
		{C2EE7FB1-FCB0-DFA9-A998-F9F678CB07D6}.Debug|Any CPU.ActiveCfg = Debug|Any CPU
		{C2EE7FB1-FCB0-DFA9-A998-F9F678CB07D6}.Debug|Any CPU.Build.0 = Debug|Any CPU
		{C2EE7FB1-FCB0-DFA9-A998-F9F678CB07D6}.Release|Any CPU.ActiveCfg = Release|Any CPU
		{C2EE7FB1-FCB0-DFA9-A998-F9F678CB07D6}.Release|Any CPU.Build.0 = Release|Any CPU
	EndGlobalSection
	GlobalSection(SolutionProperties) = preSolution
		HideSolutionNode = FALSE
	EndGlobalSection
	GlobalSection(ExtensibilityGlobals) = postSolution
		SolutionGuid = {6FE908EF-738B-4AD3-8A1A-2558E7630032}
	EndGlobalSection
EndGlobal
